
Microsoft Visual Studio Solution File, Format Version 12.00
# Visual Studio Version 17
VisualStudioVersion = 17.6.33801.468
MinimumVisualStudioVersion = 10.0.40219.1
Project("{FAE04EC0-301F-11D3-BF4B-00C04F79EFBC}") = "MongoDB", "MongoDB\MongoDB.csproj", "{163EA1F9-941E-45C3-A867-08F4383624E5}"
EndProject
Global
	GlobalSection(SolutionConfigurationPlatforms) = preSolution
		Debug|Any CPU = Debug|Any CPU
		Release|Any CPU = Release|Any CPU
	EndGlobalSection
	GlobalSection(ProjectConfigurationPlatforms) = postSolution
		{163EA1F9-941E-45C3-A867-08F4383624E5}.Debug|Any CPU.ActiveCfg = Debug|Any CPU
		{163EA1F9-941E-45C3-A867-08F4383624E5}.Debug|Any CPU.Build.0 = Debug|Any CPU
		{163EA1F9-941E-45C3-A867-08F4383624E5}.Release|Any CPU.ActiveCfg = Release|Any CPU
		{163EA1F9-941E-45C3-A867-08F4383624E5}.Release|Any CPU.Build.0 = Release|Any CPU
	EndGlobalSection
	GlobalSection(SolutionProperties) = preSolution
		HideSolutionNode = FALSE
	EndGlobalSection
	GlobalSection(ExtensibilityGlobals) = postSolution
		SolutionGuid = {F42CABD6-8BE1-4535-A762-F6248270CE5C}
	EndGlobalSection
EndGlobal
